{
  "version": 2,
  "dependencies": {
    "net10.0": {
      "Microsoft.NET.ILLink.Tasks": {
        "type": "Direct",
        "requested": "[10.0.9, )",
        "resolved": "10.0.9",
        "contentHash": "4Iw41e2h7I4t70SJcX2GCmbyKJIlA273Cfm9RJMM050/3VBejGAG1KcthP5Z2L6SQcbfbf6BhNWO26+ZG+GzMg=="
      },
      "Scout.IO.Ignore": {
        "type": "Direct",
        "requested": "[0.4.5, )",
        "resolved": "0.4.5",
        "contentHash": "4u/8tbsx7IY7m8RuwtdCyCbxSBjfEWMBox1nkDvhjwepGyN4iqFH/NZUdsWuqIyT8aBs7fHHrCXPHmxkjBlmpQ=="
      },
      "ZstdNet": {
        "type": "Direct",
        "requested": "[1.5.7, )",
        "resolved": "1.5.7",
        "contentHash": "BpQLIV4HtklLEkCkCjepKTxxy/dcBNSrEfh5LPcIjpPaN2Cmuwg1TUVCWhn5zGn4z3Aur6V9taWdvn+BJzmEhw=="
      }
    },
    "net9.0": {
      "Microsoft.NET.ILLink.Tasks": {
        "type": "Direct",
        "requested": "[9.0.17, )",
        "resolved": "9.0.17",
        "contentHash": "P5qY/hIYMlo0+QRM0W3Gd/SRf20TX+z5W5NwpdzkOk0FtgcbSTNwNcYBRNDgfThFcLpcDFslz65RcGqWOq00/w=="
      },
      "Scout.IO.Ignore": {
        "type": "Direct",
        "requested": "[0.4.5, )",
        "resolved": "0.4.5",
        "contentHash": "4u/8tbsx7IY7m8RuwtdCyCbxSBjfEWMBox1nkDvhjwepGyN4iqFH/NZUdsWuqIyT8aBs7fHHrCXPHmxkjBlmpQ=="
      },
      "ZstdNet": {
        "type": "Direct",
        "requested": "[1.5.7, )",
        "resolved": "1.5.7",
        "contentHash": "BpQLIV4HtklLEkCkCjepKTxxy/dcBNSrEfh5LPcIjpPaN2Cmuwg1TUVCWhn5zGn4z3Aur6V9taWdvn+BJzmEhw=="
      }
    }
  }
}