{
  "version": 2,
  "dependencies": {
    "net10.0": {
      "Microsoft.DotNet.ILCompiler": {
        "type": "Direct",
        "requested": "[10.0.10, )",
        "resolved": "10.0.10",
        "contentHash": "tnG8ntt/Bk6odvHREnGLMo3PEiihy5iSlIFVp0JbIo00GKtNRt2k73eKZbPqR5yaJNIa3z8R86YLwbxfqpb17g=="
      },
      "Microsoft.NET.ILLink.Tasks": {
        "type": "Direct",
        "requested": "[10.0.10, )",
        "resolved": "10.0.10",
        "contentHash": "f5VCIE7AJpd5YvzNTeMGVzQIgyE9tX+AreTYwQF+REbu+DZo/2Ae+jNSwhPEYrVz6RRkd7y8ubXjk6Nn6Ka+Cg=="
      },
      "System.CommandLine": {
        "type": "Direct",
        "requested": "[2.0.9, )",
        "resolved": "2.0.9",
        "contentHash": "SW0WhEk4NFVZ4lOnsLrHQOV/7s0eTidezNybHQWXfqhuXWB17X3RXbrifeWBbUx1iu+NcYchVSufmW7svjUEnA=="
      },
      "picket.analyze": {
        "type": "Project",
        "dependencies": {
          "Picket.Engine": "[0.2.7, )"
        }
      },
      "picket.compat": {
        "type": "Project",
        "dependencies": {
          "Picket.Engine": "[0.2.7, )",
          "Picket.Rules": "[0.2.7, )"
        }
      },
      "picket.engine": {
        "type": "Project",
        "dependencies": {
          "Picket.Rules": "[0.2.7, )",
          "Scout.Text.Regex": "[0.6.1, )",
          "SharpYaml": "[3.13.0, )"
        }
      },
      "picket.report": {
        "type": "Project",
        "dependencies": {
          "Picket.Engine": "[0.2.7, )",
          "Picket.Rules": "[0.2.7, )"
        }
      },
      "picket.rules": {
        "type": "Project"
      },
      "picket.security": {
        "type": "Project",
        "dependencies": {
          "System.IO.FileSystem.AccessControl": "[5.0.0, )"
        }
      },
      "picket.sources": {
        "type": "Project",
        "dependencies": {
          "Scout.IO.Globbing": "[0.4.8, )",
          "Scout.IO.Ignore": "[0.4.8, )",
          "ZstdNet": "[1.5.7, )"
        }
      },
      "picket.store": {
        "type": "Project",
        "dependencies": {
          "Picket.Engine": "[0.2.7, )",
          "Picket.Security": "[0.2.7, )"
        }
      },
      "picket.verify": {
        "type": "Project",
        "dependencies": {
          "Picket.Engine": "[0.2.7, )",
          "Picket.Security": "[0.2.7, )"
        }
      },
      "Scout.IO.Globbing": {
        "type": "CentralTransitive",
        "requested": "[0.4.8, )",
        "resolved": "0.4.8",
        "contentHash": "KO1c2V+ebFSWD71syib1I7Q+qssRFtK5IMmMUZ3YzN3GcO799lT8RTfJzy9QE6aZXbZp2vDlKtUm9S7kbZFbag=="
      },
      "Scout.IO.Ignore": {
        "type": "CentralTransitive",
        "requested": "[0.4.8, )",
        "resolved": "0.4.8",
        "contentHash": "9qOJekYn/iD47dHWq3gkt7Wg5L/60+DkIm7hupHx9Y0htyFoSPW0PeIobuTcpA4AJadcUYz13celWCWFugfC8g=="
      },
      "Scout.Text.Regex": {
        "type": "CentralTransitive",
        "requested": "[0.6.1, )",
        "resolved": "0.6.1",
        "contentHash": "cBuJ6DpZD4v76CZ2y3oZAt9BMEze1mu/yBwOgGPYGqFbROIUCwM0JP+uue0i0A7KSBLb1FXPuwSW3QfUmQiC4A=="
      },
      "SharpYaml": {
        "type": "CentralTransitive",
        "requested": "[3.13.0, )",
        "resolved": "3.13.0",
        "contentHash": "x8AbS4ZNzM7Wh+IXboKcLPXiVJVPlqiSNK7/VxaAXOXjavcuhxlk0rAOCbIERIZtoh5w16Qb+OnINrGezpnpwg=="
      },
      "System.IO.FileSystem.AccessControl": {
        "type": "CentralTransitive",
        "requested": "[5.0.0, )",
        "resolved": "5.0.0",
        "contentHash": "SxHB3nuNrpptVk+vZ/F+7OHEpoHUIKKMl02bUmYHQr1r+glbZQxs7pRtsf4ENO29TVm2TH3AEeep2fJcy92oYw=="
      },
      "ZstdNet": {
        "type": "CentralTransitive",
        "requested": "[1.5.7, )",
        "resolved": "1.5.7",
        "contentHash": "BpQLIV4HtklLEkCkCjepKTxxy/dcBNSrEfh5LPcIjpPaN2Cmuwg1TUVCWhn5zGn4z3Aur6V9taWdvn+BJzmEhw=="
      }
    },
    "net10.0/linux-arm64": {
      "Microsoft.DotNet.ILCompiler": {
        "type": "Direct",
        "requested": "[10.0.10, )",
        "resolved": "10.0.10",
        "contentHash": "tnG8ntt/Bk6odvHREnGLMo3PEiihy5iSlIFVp0JbIo00GKtNRt2k73eKZbPqR5yaJNIa3z8R86YLwbxfqpb17g==",
        "dependencies": {
          "runtime.linux-arm64.Microsoft.DotNet.ILCompiler": "10.0.10"
        }
      },
      "runtime.linux-arm64.Microsoft.DotNet.ILCompiler": {
        "type": "Transitive",
        "resolved": "10.0.10",
        "contentHash": "FXDMdhzRF0cb0rBz3UTwE8yK7N/SGfleK7DSRpnqMdrJ5C05qoAtxvZoovZXzq2kqgPcE+6ryFcHq224HdOU0w=="
      },
      "System.IO.FileSystem.AccessControl": {
        "type": "CentralTransitive",
        "requested": "[5.0.0, )",
        "resolved": "5.0.0",
        "contentHash": "SxHB3nuNrpptVk+vZ/F+7OHEpoHUIKKMl02bUmYHQr1r+glbZQxs7pRtsf4ENO29TVm2TH3AEeep2fJcy92oYw=="
      },
      "ZstdNet": {
        "type": "CentralTransitive",
        "requested": "[1.5.7, )",
        "resolved": "1.5.7",
        "contentHash": "BpQLIV4HtklLEkCkCjepKTxxy/dcBNSrEfh5LPcIjpPaN2Cmuwg1TUVCWhn5zGn4z3Aur6V9taWdvn+BJzmEhw=="
      }
    },
    "net10.0/linux-musl-arm64": {
      "Microsoft.DotNet.ILCompiler": {
        "type": "Direct",
        "requested": "[10.0.10, )",
        "resolved": "10.0.10",
        "contentHash": "tnG8ntt/Bk6odvHREnGLMo3PEiihy5iSlIFVp0JbIo00GKtNRt2k73eKZbPqR5yaJNIa3z8R86YLwbxfqpb17g==",
        "dependencies": {
          "runtime.linux-musl-arm64.Microsoft.DotNet.ILCompiler": "10.0.10"
        }
      },
      "runtime.linux-musl-arm64.Microsoft.DotNet.ILCompiler": {
        "type": "Transitive",
        "resolved": "10.0.10",
        "contentHash": "TjVcA9FmkKMMYkX5ndYA8/U+hyPGiw5iZuICzrSe+qSmimJ3Wktq2mdjul5AoiZ1EHxpSyWTXvoAQHqmmKxJQQ=="
      },
      "System.IO.FileSystem.AccessControl": {
        "type": "CentralTransitive",
        "requested": "[5.0.0, )",
        "resolved": "5.0.0",
        "contentHash": "SxHB3nuNrpptVk+vZ/F+7OHEpoHUIKKMl02bUmYHQr1r+glbZQxs7pRtsf4ENO29TVm2TH3AEeep2fJcy92oYw=="
      },
      "ZstdNet": {
        "type": "CentralTransitive",
        "requested": "[1.5.7, )",
        "resolved": "1.5.7",
        "contentHash": "BpQLIV4HtklLEkCkCjepKTxxy/dcBNSrEfh5LPcIjpPaN2Cmuwg1TUVCWhn5zGn4z3Aur6V9taWdvn+BJzmEhw=="
      }
    },
    "net10.0/linux-musl-x64": {
      "Microsoft.DotNet.ILCompiler": {
        "type": "Direct",
        "requested": "[10.0.10, )",
        "resolved": "10.0.10",
        "contentHash": "tnG8ntt/Bk6odvHREnGLMo3PEiihy5iSlIFVp0JbIo00GKtNRt2k73eKZbPqR5yaJNIa3z8R86YLwbxfqpb17g==",
        "dependencies": {
          "runtime.linux-musl-x64.Microsoft.DotNet.ILCompiler": "10.0.10"
        }
      },
      "runtime.linux-musl-x64.Microsoft.DotNet.ILCompiler": {
        "type": "Transitive",
        "resolved": "10.0.10",
        "contentHash": "pRyGC8Hr0uy+wO1Z/2jJbrUppSX76utZCJT/CDA9tWUU7l5WuTAt1bEx1/GTkWqkJI+VYWnU9t7aI5R5LqhiJQ=="
      },
      "System.IO.FileSystem.AccessControl": {
        "type": "CentralTransitive",
        "requested": "[5.0.0, )",
        "resolved": "5.0.0",
        "contentHash": "SxHB3nuNrpptVk+vZ/F+7OHEpoHUIKKMl02bUmYHQr1r+glbZQxs7pRtsf4ENO29TVm2TH3AEeep2fJcy92oYw=="
      },
      "ZstdNet": {
        "type": "CentralTransitive",
        "requested": "[1.5.7, )",
        "resolved": "1.5.7",
        "contentHash": "BpQLIV4HtklLEkCkCjepKTxxy/dcBNSrEfh5LPcIjpPaN2Cmuwg1TUVCWhn5zGn4z3Aur6V9taWdvn+BJzmEhw=="
      }
    },
    "net10.0/linux-x64": {
      "Microsoft.DotNet.ILCompiler": {
        "type": "Direct",
        "requested": "[10.0.10, )",
        "resolved": "10.0.10",
        "contentHash": "tnG8ntt/Bk6odvHREnGLMo3PEiihy5iSlIFVp0JbIo00GKtNRt2k73eKZbPqR5yaJNIa3z8R86YLwbxfqpb17g==",
        "dependencies": {
          "runtime.linux-x64.Microsoft.DotNet.ILCompiler": "10.0.10"
        }
      },
      "runtime.linux-x64.Microsoft.DotNet.ILCompiler": {
        "type": "Transitive",
        "resolved": "10.0.10",
        "contentHash": "WRjSRBfv6A6UjgjO8EQuLe9xqdICpkQx1hACUziCw4B2uGL+2jVhkFLq/G7rxRr3MGvqLo9B+nNdfIJ/5CYN7A=="
      },
      "System.IO.FileSystem.AccessControl": {
        "type": "CentralTransitive",
        "requested": "[5.0.0, )",
        "resolved": "5.0.0",
        "contentHash": "SxHB3nuNrpptVk+vZ/F+7OHEpoHUIKKMl02bUmYHQr1r+glbZQxs7pRtsf4ENO29TVm2TH3AEeep2fJcy92oYw=="
      },
      "ZstdNet": {
        "type": "CentralTransitive",
        "requested": "[1.5.7, )",
        "resolved": "1.5.7",
        "contentHash": "BpQLIV4HtklLEkCkCjepKTxxy/dcBNSrEfh5LPcIjpPaN2Cmuwg1TUVCWhn5zGn4z3Aur6V9taWdvn+BJzmEhw=="
      }
    },
    "net10.0/osx-arm64": {
      "Microsoft.DotNet.ILCompiler": {
        "type": "Direct",
        "requested": "[10.0.10, )",
        "resolved": "10.0.10",
        "contentHash": "tnG8ntt/Bk6odvHREnGLMo3PEiihy5iSlIFVp0JbIo00GKtNRt2k73eKZbPqR5yaJNIa3z8R86YLwbxfqpb17g==",
        "dependencies": {
          "runtime.osx-arm64.Microsoft.DotNet.ILCompiler": "10.0.10"
        }
      },
      "runtime.osx-arm64.Microsoft.DotNet.ILCompiler": {
        "type": "Transitive",
        "resolved": "10.0.10",
        "contentHash": "cY7edFqVviQMiSvPodJeLZhF6k56grh0QsvcR+2foAUgO0xXsMsVBQiHcZkeiIbhr+SPIklq90OZiJ7JVrc+Dg=="
      },
      "System.IO.FileSystem.AccessControl": {
        "type": "CentralTransitive",
        "requested": "[5.0.0, )",
        "resolved": "5.0.0",
        "contentHash": "SxHB3nuNrpptVk+vZ/F+7OHEpoHUIKKMl02bUmYHQr1r+glbZQxs7pRtsf4ENO29TVm2TH3AEeep2fJcy92oYw=="
      },
      "ZstdNet": {
        "type": "CentralTransitive",
        "requested": "[1.5.7, )",
        "resolved": "1.5.7",
        "contentHash": "BpQLIV4HtklLEkCkCjepKTxxy/dcBNSrEfh5LPcIjpPaN2Cmuwg1TUVCWhn5zGn4z3Aur6V9taWdvn+BJzmEhw=="
      }
    },
    "net10.0/osx-x64": {
      "Microsoft.DotNet.ILCompiler": {
        "type": "Direct",
        "requested": "[10.0.10, )",
        "resolved": "10.0.10",
        "contentHash": "tnG8ntt/Bk6odvHREnGLMo3PEiihy5iSlIFVp0JbIo00GKtNRt2k73eKZbPqR5yaJNIa3z8R86YLwbxfqpb17g==",
        "dependencies": {
          "runtime.osx-x64.Microsoft.DotNet.ILCompiler": "10.0.10"
        }
      },
      "runtime.osx-x64.Microsoft.DotNet.ILCompiler": {
        "type": "Transitive",
        "resolved": "10.0.10",
        "contentHash": "DXe6/ieqrY1WDme/Ilv+VaQoGqxFgT+oQgdJuP++pyGMtjx/o/mWIjk0OldcRve4KUoVylx9f6meNSsE28Obug=="
      },
      "System.IO.FileSystem.AccessControl": {
        "type": "CentralTransitive",
        "requested": "[5.0.0, )",
        "resolved": "5.0.0",
        "contentHash": "SxHB3nuNrpptVk+vZ/F+7OHEpoHUIKKMl02bUmYHQr1r+glbZQxs7pRtsf4ENO29TVm2TH3AEeep2fJcy92oYw=="
      },
      "ZstdNet": {
        "type": "CentralTransitive",
        "requested": "[1.5.7, )",
        "resolved": "1.5.7",
        "contentHash": "BpQLIV4HtklLEkCkCjepKTxxy/dcBNSrEfh5LPcIjpPaN2Cmuwg1TUVCWhn5zGn4z3Aur6V9taWdvn+BJzmEhw=="
      }
    },
    "net10.0/win-arm64": {
      "Microsoft.DotNet.ILCompiler": {
        "type": "Direct",
        "requested": "[10.0.10, )",
        "resolved": "10.0.10",
        "contentHash": "tnG8ntt/Bk6odvHREnGLMo3PEiihy5iSlIFVp0JbIo00GKtNRt2k73eKZbPqR5yaJNIa3z8R86YLwbxfqpb17g==",
        "dependencies": {
          "runtime.win-arm64.Microsoft.DotNet.ILCompiler": "10.0.10"
        }
      },
      "runtime.win-arm64.Microsoft.DotNet.ILCompiler": {
        "type": "Transitive",
        "resolved": "10.0.10",
        "contentHash": "d/QREDGqcO2gqWLL1V1oRpMXdp75yGZ1ULuJJXSaw7pn8/VTgkylM/7Vtkb0W/vrFe49Sq+yfoZQv8Bie5Tkww=="
      },
      "System.IO.FileSystem.AccessControl": {
        "type": "CentralTransitive",
        "requested": "[5.0.0, )",
        "resolved": "5.0.0",
        "contentHash": "SxHB3nuNrpptVk+vZ/F+7OHEpoHUIKKMl02bUmYHQr1r+glbZQxs7pRtsf4ENO29TVm2TH3AEeep2fJcy92oYw=="
      },
      "ZstdNet": {
        "type": "CentralTransitive",
        "requested": "[1.5.7, )",
        "resolved": "1.5.7",
        "contentHash": "BpQLIV4HtklLEkCkCjepKTxxy/dcBNSrEfh5LPcIjpPaN2Cmuwg1TUVCWhn5zGn4z3Aur6V9taWdvn+BJzmEhw=="
      }
    },
    "net10.0/win-x64": {
      "Microsoft.DotNet.ILCompiler": {
        "type": "Direct",
        "requested": "[10.0.10, )",
        "resolved": "10.0.10",
        "contentHash": "tnG8ntt/Bk6odvHREnGLMo3PEiihy5iSlIFVp0JbIo00GKtNRt2k73eKZbPqR5yaJNIa3z8R86YLwbxfqpb17g==",
        "dependencies": {
          "runtime.win-x64.Microsoft.DotNet.ILCompiler": "10.0.10"
        }
      },
      "runtime.win-x64.Microsoft.DotNet.ILCompiler": {
        "type": "Transitive",
        "resolved": "10.0.10",
        "contentHash": "e5P00ObvdmAl49KkvGvqDLE5+EXu/IdXCDsLghgKFXKrNybyxMmH12HuGrsO7LTIGjXI58tyN3Hwxwr/MR0d8A=="
      },
      "System.IO.FileSystem.AccessControl": {
        "type": "CentralTransitive",
        "requested": "[5.0.0, )",
        "resolved": "5.0.0",
        "contentHash": "SxHB3nuNrpptVk+vZ/F+7OHEpoHUIKKMl02bUmYHQr1r+glbZQxs7pRtsf4ENO29TVm2TH3AEeep2fJcy92oYw=="
      },
      "ZstdNet": {
        "type": "CentralTransitive",
        "requested": "[1.5.7, )",
        "resolved": "1.5.7",
        "contentHash": "BpQLIV4HtklLEkCkCjepKTxxy/dcBNSrEfh5LPcIjpPaN2Cmuwg1TUVCWhn5zGn4z3Aur6V9taWdvn+BJzmEhw=="
      }
    }
  }
}